
Microsoft Visual Studio Solution File, Format Version 12.00
# Visual Studio 14
VisualStudioVersion = 14.0.23107.0
MinimumVisualStudioVersion = 10.0.40219.1
Project("{FAE04EC0-301F-11D3-BF4B-00C04F79EFBC}") = "Fabrikam.Infrastructure.v1", "Fabrikam.Infrastructure.v1\Fabrikam.Infrastructure.v1.csproj", "{48A545C3-261D-437E-90E0-8121DE2CEEED}"
EndProject
Project("{FAE04EC0-301F-11D3-BF4B-00C04F79EFBC}") = "Fabrikam.Utilities.v1", "Fabrikam.Utilities.v1\Fabrikam.Utilities.v1.csproj", "{791AC68C-B3C7-4AC2-A82B-C587E2717C00}"
EndProject
Global
	GlobalSection(SolutionConfigurationPlatforms) = preSolution
		Debug|Any CPU = Debug|Any CPU
		Release|Any CPU = Release|Any CPU
	EndGlobalSection
	GlobalSection(ProjectConfigurationPlatforms) = postSolution
		{48A545C3-261D-437E-90E0-8121DE2CEEED}.Debug|Any CPU.ActiveCfg = Debug|Any CPU
		{48A545C3-261D-437E-90E0-8121DE2CEEED}.Debug|Any CPU.Build.0 = Debug|Any CPU
		{48A545C3-261D-437E-90E0-8121DE2CEEED}.Release|Any CPU.ActiveCfg = Release|Any CPU
		{48A545C3-261D-437E-90E0-8121DE2CEEED}.Release|Any CPU.Build.0 = Release|Any CPU
		{791AC68C-B3C7-4AC2-A82B-C587E2717C00}.Debug|Any CPU.ActiveCfg = Debug|Any CPU
		{791AC68C-B3C7-4AC2-A82B-C587E2717C00}.Debug|Any CPU.Build.0 = Debug|Any CPU
		{791AC68C-B3C7-4AC2-A82B-C587E2717C00}.Release|Any CPU.ActiveCfg = Release|Any CPU
		{791AC68C-B3C7-4AC2-A82B-C587E2717C00}.Release|Any CPU.Build.0 = Release|Any CPU
	EndGlobalSection
	GlobalSection(SolutionProperties) = preSolution
		HideSolutionNode = FALSE
	EndGlobalSection
EndGlobal
